
Microsoft Visual Studio Solution File, Format Version 12.00
# Visual Studio Version 16
VisualStudioVersion = 16.0.30523.141
MinimumVisualStudioVersion = 10.0.40219.1
Project("{F184B08F-C81C-45F6-A57F-5ABD9991F28F}") = "SMART_HOME_WS", "SMART_HOME_WS\SMART_HOME_WS.vbproj", "{936CC969-0226-4A15-B842-F5DCD833B594}"
EndProject
Project("{F184B08F-C81C-45F6-A57F-5ABD9991F28F}") = "SMART_HOME_WS_TESTER", "SMART_HOME_WS_TESTER\SMART_HOME_WS_TESTER.vbproj", "{6817D4BD-A539-4321-A1EE-39456EAC02BE}"
	ProjectSection(ProjectDependencies) = postProject
		{936CC969-0226-4A15-B842-F5DCD833B594} = {936CC969-0226-4A15-B842-F5DCD833B594}
	EndProjectSection
EndProject
Project("{778DAE3C-4631-46EA-AA77-85C1314464D9}") = "SMART_HOME_CLASS", "SMART_HOME_CLASS\SMART_HOME_CLASS.vbproj", "{326C21EA-B1DB-4E56-9747-35FD19ED6AC2}"
EndProject
Global
	GlobalSection(SolutionConfigurationPlatforms) = preSolution
		Debug|Any CPU = Debug|Any CPU
		Release|Any CPU = Release|Any CPU
	EndGlobalSection
	GlobalSection(ProjectConfigurationPlatforms) = postSolution
		{936CC969-0226-4A15-B842-F5DCD833B594}.Debug|Any CPU.ActiveCfg = Debug|Any CPU
		{936CC969-0226-4A15-B842-F5DCD833B594}.Debug|Any CPU.Build.0 = Debug|Any CPU
		{936CC969-0226-4A15-B842-F5DCD833B594}.Release|Any CPU.ActiveCfg = Release|Any CPU
		{936CC969-0226-4A15-B842-F5DCD833B594}.Release|Any CPU.Build.0 = Release|Any CPU
		{6817D4BD-A539-4321-A1EE-39456EAC02BE}.Debug|Any CPU.ActiveCfg = Debug|Any CPU
		{6817D4BD-A539-4321-A1EE-39456EAC02BE}.Debug|Any CPU.Build.0 = Debug|Any CPU
		{6817D4BD-A539-4321-A1EE-39456EAC02BE}.Release|Any CPU.ActiveCfg = Release|Any CPU
		{6817D4BD-A539-4321-A1EE-39456EAC02BE}.Release|Any CPU.Build.0 = Release|Any CPU
		{326C21EA-B1DB-4E56-9747-35FD19ED6AC2}.Debug|Any CPU.ActiveCfg = Debug|Any CPU
		{326C21EA-B1DB-4E56-9747-35FD19ED6AC2}.Debug|Any CPU.Build.0 = Debug|Any CPU
		{326C21EA-B1DB-4E56-9747-35FD19ED6AC2}.Release|Any CPU.ActiveCfg = Release|Any CPU
		{326C21EA-B1DB-4E56-9747-35FD19ED6AC2}.Release|Any CPU.Build.0 = Release|Any CPU
	EndGlobalSection
	GlobalSection(SolutionProperties) = preSolution
		HideSolutionNode = FALSE
	EndGlobalSection
	GlobalSection(ExtensibilityGlobals) = postSolution
		SolutionGuid = {A3519582-F0C8-4CBF-B929-C1D263CD57CE}
	EndGlobalSection
EndGlobal
